
Microsoft Visual Studio Solution File, Format Version 12.00
# Visual Studio Version 17
VisualStudioVersion = 17.6.33829.357
MinimumVisualStudioVersion = 10.0.40219.1
Project("{FAE04EC0-301F-11D3-BF4B-00C04F79EFBC}") = "LoyaltyReward", "LoyaltyReward.csproj", "{82903910-4E2D-4DDA-8B09-D64E78E7EEE2}"
EndProject
Global
	GlobalSection(SolutionConfigurationPlatforms) = preSolution
		Debug|Any CPU = Debug|Any CPU
		Release|Any CPU = Release|Any CPU
	EndGlobalSection
	GlobalSection(ProjectConfigurationPlatforms) = postSolution
		{82903910-4E2D-4DDA-8B09-D64E78E7EEE2}.Debug|Any CPU.ActiveCfg = Debug|Any CPU
		{82903910-4E2D-4DDA-8B09-D64E78E7EEE2}.Debug|Any CPU.Build.0 = Debug|Any CPU
		{82903910-4E2D-4DDA-8B09-D64E78E7EEE2}.Release|Any CPU.ActiveCfg = Release|Any CPU
		{82903910-4E2D-4DDA-8B09-D64E78E7EEE2}.Release|Any CPU.Build.0 = Release|Any CPU
	EndGlobalSection
	GlobalSection(SolutionProperties) = preSolution
		HideSolutionNode = FALSE
	EndGlobalSection
	GlobalSection(ExtensibilityGlobals) = postSolution
		SolutionGuid = {53510A62-D1CB-4250-86D9-D6C8B64965D5}
	EndGlobalSection
EndGlobal
